
Microsoft Visual Studio Solution File, Format Version 12.00
# Visual Studio Version 17
VisualStudioVersion = 17.14.36623.8 d17.14
MinimumVisualStudioVersion = 10.0.40219.1
Project("{FAE04EC0-301F-11D3-BF4B-00C04F79EFBC}") = "ATIVIDADE3", "ATIVIDADE3.csproj", "{B75E3872-EA2F-4C8A-89E4-7EB573E7FF53}"
EndProject
Global
	GlobalSection(SolutionConfigurationPlatforms) = preSolution
		Debug|Any CPU = Debug|Any CPU
		Release|Any CPU = Release|Any CPU
	EndGlobalSection
	GlobalSection(ProjectConfigurationPlatforms) = postSolution
		{B75E3872-EA2F-4C8A-89E4-7EB573E7FF53}.Debug|Any CPU.ActiveCfg = Debug|Any CPU
		{B75E3872-EA2F-4C8A-89E4-7EB573E7FF53}.Debug|Any CPU.Build.0 = Debug|Any CPU
		{B75E3872-EA2F-4C8A-89E4-7EB573E7FF53}.Release|Any CPU.ActiveCfg = Release|Any CPU
		{B75E3872-EA2F-4C8A-89E4-7EB573E7FF53}.Release|Any CPU.Build.0 = Release|Any CPU
	EndGlobalSection
	GlobalSection(SolutionProperties) = preSolution
		HideSolutionNode = FALSE
	EndGlobalSection
	GlobalSection(ExtensibilityGlobals) = postSolution
		SolutionGuid = {E8EE07D6-49D5-4309-AEED-6737033C58C4}
	EndGlobalSection
EndGlobal
